
Microsoft Visual Studio Solution File, Format Version 12.00
# Visual Studio Version 17
VisualStudioVersion = 17.0.31903.59
MinimumVisualStudioVersion = 10.0.40219.1
Project("{FAE04EC0-301F-11D3-BF4B-00C04F79EFBC}") = "ChillPay.Core", "ChillPay.Core\ChillPay.Core.csproj", "{2F21FCA8-E870-4317-A240-3253967DC1E3}"
EndProject
Project("{FAE04EC0-301F-11D3-BF4B-00C04F79EFBC}") = "ChillPay.OperationLogs.Api", "ChillPay.OperationLogs.Api\ChillPay.OperationLogs.Api.csproj", "{B2E2CFAE-6591-4344-9480-1579F7B6EC4B}"
EndProject
Global
	GlobalSection(SolutionConfigurationPlatforms) = preSolution
		Debug|Any CPU = Debug|Any CPU
		Release|Any CPU = Release|Any CPU
	EndGlobalSection
	GlobalSection(SolutionProperties) = preSolution
		HideSolutionNode = FALSE
	EndGlobalSection
	GlobalSection(ProjectConfigurationPlatforms) = postSolution
		{2F21FCA8-E870-4317-A240-3253967DC1E3}.Debug|Any CPU.ActiveCfg = Debug|Any CPU
		{2F21FCA8-E870-4317-A240-3253967DC1E3}.Debug|Any CPU.Build.0 = Debug|Any CPU
		{2F21FCA8-E870-4317-A240-3253967DC1E3}.Release|Any CPU.ActiveCfg = Release|Any CPU
		{2F21FCA8-E870-4317-A240-3253967DC1E3}.Release|Any CPU.Build.0 = Release|Any CPU
		{B2E2CFAE-6591-4344-9480-1579F7B6EC4B}.Debug|Any CPU.ActiveCfg = Debug|Any CPU
		{B2E2CFAE-6591-4344-9480-1579F7B6EC4B}.Debug|Any CPU.Build.0 = Debug|Any CPU
		{B2E2CFAE-6591-4344-9480-1579F7B6EC4B}.Release|Any CPU.ActiveCfg = Release|Any CPU
		{B2E2CFAE-6591-4344-9480-1579F7B6EC4B}.Release|Any CPU.Build.0 = Release|Any CPU
	EndGlobalSection
EndGlobal
